
Microsoft Visual Studio Solution File, Format Version 12.00
# Visual Studio Version 17
VisualStudioVersion = 17.14.36221.1 d17.14
MinimumVisualStudioVersion = 10.0.40219.1
Project("{2150E333-8FDC-42A3-9474-1A3956D46DE8}") = "src", "src", "{02EA681E-C7D8-13C7-8484-4AC65E1B71E8}"
EndProject
Project("{FAE04EC0-301F-11D3-BF4B-00C04F79EFBC}") = "Portfolio.Domain", "Portfolio.Domain\Portfolio.Domain.csproj", "{BD8FBE97-F246-481D-B525-C661C83C61D0}"
EndProject
Project("{FAE04EC0-301F-11D3-BF4B-00C04F79EFBC}") = "Portfolio.Data", "Portfolio.Data\Portfolio.Data.csproj", "{F8192C68-05AE-4FEB-A9E8-AFCBE408BEB4}"
EndProject
Project("{FAE04EC0-301F-11D3-BF4B-00C04F79EFBC}") = "Portfolio.Services", "Portfolio.Services\Portfolio.Services.csproj", "{3B9AD2CF-04EB-4702-A25C-7BE091D514C2}"
EndProject
Project("{FAE04EC0-301F-11D3-BF4B-00C04F79EFBC}") = "Portfolio.Web", "Portfolio.Web\Portfolio.Web.csproj", "{51479180-D0FC-4535-B25B-D52632805414}"
EndProject
Project("{FAE04EC0-301F-11D3-BF4B-00C04F79EFBC}") = "Portfolio.Tests", "Portfolio.Tests\Portfolio.Tests.csproj", "{B7D1EE20-69B8-418C-86C0-11BDE73A75C1}"
EndProject
Global
	GlobalSection(SolutionConfigurationPlatforms) = preSolution
		Debug|Any CPU = Debug|Any CPU
		Release|Any CPU = Release|Any CPU
	EndGlobalSection
	GlobalSection(ProjectConfigurationPlatforms) = postSolution
		{BD8FBE97-F246-481D-B525-C661C83C61D0}.Debug|Any CPU.ActiveCfg = Debug|Any CPU
		{BD8FBE97-F246-481D-B525-C661C83C61D0}.Debug|Any CPU.Build.0 = Debug|Any CPU
		{BD8FBE97-F246-481D-B525-C661C83C61D0}.Release|Any CPU.ActiveCfg = Release|Any CPU
		{BD8FBE97-F246-481D-B525-C661C83C61D0}.Release|Any CPU.Build.0 = Release|Any CPU
		{F8192C68-05AE-4FEB-A9E8-AFCBE408BEB4}.Debug|Any CPU.ActiveCfg = Debug|Any CPU
		{F8192C68-05AE-4FEB-A9E8-AFCBE408BEB4}.Debug|Any CPU.Build.0 = Debug|Any CPU
		{F8192C68-05AE-4FEB-A9E8-AFCBE408BEB4}.Release|Any CPU.ActiveCfg = Release|Any CPU
		{F8192C68-05AE-4FEB-A9E8-AFCBE408BEB4}.Release|Any CPU.Build.0 = Release|Any CPU
		{3B9AD2CF-04EB-4702-A25C-7BE091D514C2}.Debug|Any CPU.ActiveCfg = Debug|Any CPU
		{3B9AD2CF-04EB-4702-A25C-7BE091D514C2}.Debug|Any CPU.Build.0 = Debug|Any CPU
		{3B9AD2CF-04EB-4702-A25C-7BE091D514C2}.Release|Any CPU.ActiveCfg = Release|Any CPU
		{3B9AD2CF-04EB-4702-A25C-7BE091D514C2}.Release|Any CPU.Build.0 = Release|Any CPU
		{51479180-D0FC-4535-B25B-D52632805414}.Debug|Any CPU.ActiveCfg = Debug|Any CPU
		{51479180-D0FC-4535-B25B-D52632805414}.Debug|Any CPU.Build.0 = Debug|Any CPU
		{51479180-D0FC-4535-B25B-D52632805414}.Release|Any CPU.ActiveCfg = Release|Any CPU
		{51479180-D0FC-4535-B25B-D52632805414}.Release|Any CPU.Build.0 = Release|Any CPU
		{B7D1EE20-69B8-418C-86C0-11BDE73A75C1}.Debug|Any CPU.ActiveCfg = Debug|Any CPU
		{B7D1EE20-69B8-418C-86C0-11BDE73A75C1}.Debug|Any CPU.Build.0 = Debug|Any CPU
		{B7D1EE20-69B8-418C-86C0-11BDE73A75C1}.Release|Any CPU.ActiveCfg = Release|Any CPU
		{B7D1EE20-69B8-418C-86C0-11BDE73A75C1}.Release|Any CPU.Build.0 = Release|Any CPU
	EndGlobalSection
	GlobalSection(SolutionProperties) = preSolution
		HideSolutionNode = FALSE
	EndGlobalSection
	GlobalSection(NestedProjects) = preSolution
		{BD8FBE97-F246-481D-B525-C661C83C61D0} = {02EA681E-C7D8-13C7-8484-4AC65E1B71E8}
		{F8192C68-05AE-4FEB-A9E8-AFCBE408BEB4} = {02EA681E-C7D8-13C7-8484-4AC65E1B71E8}
		{3B9AD2CF-04EB-4702-A25C-7BE091D514C2} = {02EA681E-C7D8-13C7-8484-4AC65E1B71E8}
		{51479180-D0FC-4535-B25B-D52632805414} = {02EA681E-C7D8-13C7-8484-4AC65E1B71E8}
		{B7D1EE20-69B8-418C-86C0-11BDE73A75C1} = {02EA681E-C7D8-13C7-8484-4AC65E1B71E8}
	EndGlobalSection
	GlobalSection(ExtensibilityGlobals) = postSolution
		SolutionGuid = {04076669-9762-4361-B262-9D53EBF69EE4}
	EndGlobalSection
EndGlobal
